
Microsoft Visual Studio Solution File, Format Version 12.00
# Visual Studio 15
VisualStudioVersion = 15.0.27703.2042
MinimumVisualStudioVersion = 10.0.40219.1
Project("{FAE04EC0-301F-11D3-BF4B-00C04F79EFBC}") = "TimeIsXP", "TimeIsXP\TimeIsXP.csproj", "{AC366994-706E-458D-B664-FE49C921B025}"
EndProject
Global
	GlobalSection(SolutionConfigurationPlatforms) = preSolution
		Debug|Any CPU = Debug|Any CPU
		Release|Any CPU = Release|Any CPU
	EndGlobalSection
	GlobalSection(ProjectConfigurationPlatforms) = postSolution
		{AC366994-706E-458D-B664-FE49C921B025}.Debug|Any CPU.ActiveCfg = Debug|Any CPU
		{AC366994-706E-458D-B664-FE49C921B025}.Debug|Any CPU.Build.0 = Debug|Any CPU
		{AC366994-706E-458D-B664-FE49C921B025}.Release|Any CPU.ActiveCfg = Release|Any CPU
		{AC366994-706E-458D-B664-FE49C921B025}.Release|Any CPU.Build.0 = Release|Any CPU
	EndGlobalSection
	GlobalSection(SolutionProperties) = preSolution
		HideSolutionNode = FALSE
	EndGlobalSection
	GlobalSection(ExtensibilityGlobals) = postSolution
		SolutionGuid = {1F222727-501C-4E27-A002-059E086CD730}
	EndGlobalSection
EndGlobal
